# This file is autogenerated, do not edit; changes may be undone by the next 'dep ensure'.


[[projects]]
  digest = "1:9f3b30d9f8e0d7040f729b82dcbc8f0dead820a133b3147ce355fc451f32d761"
  name = "github.com/BurntSushi/toml"
  packages = ["."]
  pruneopts = "UT"
  revision = "3012a1dbe2e4bd1391d42b32f0577cb7bbc7f005"
  version = "v0.3.1"

[[projects]]
  digest = "1:b520b55fc1146c5b0eea03b07233f7a3d4a9be985c037c91ea6b82ecb81bd521"
  name = "github.com/bitly/go-simplejson"
  packages = ["."]
  pruneopts = "UT"
  revision = "aabad6e819789e569bd6aabf444c935aa9ba1e44"
  version = "v0.5.0"

[[projects]]
  digest = "1:abeb38ade3f32a92943e5be54f55ed6d6e3b6602761d74b4aab4c9dd45c18abd"
  name = "github.com/fsnotify/fsnotify"
  packages = ["."]
  pruneopts = "UT"
  revision = "c2828203cd70a50dcccfb2761f8b1f8ceef9a8e9"
  version = "v1.4.7"

[[projects]]
  digest = "1:2cd7915ab26ede7d95b8749e6b1f933f1c6d5398030684e6505940a10f31cfda"
  name = "github.com/ghodss/yaml"
  packages = ["."]
  pruneopts = "UT"
  revision = "0ca9ea5df5451ffdf184b4428c902747c2c11cd7"
  version = "v1.0.0"

[[projects]]
  digest = "1:236d7e1bdb50d8f68559af37dbcf9d142d56b431c9b2176d41e2a009b664cda8"
  name = "github.com/google/uuid"
  packages = ["."]
  pruneopts = "UT"
  revision = "9b3b1e0f5f99ae461456d768e7d301a7acdaa2d8"
  version = "v1.1.0"

[[projects]]
  digest = "1:c79fb010be38a59d657c48c6ba1d003a8aa651fa56b579d959d74573b7dff8e1"
  name = "github.com/gorilla/context"
  packages = ["."]
  pruneopts = "UT"
  revision = "08b5f424b9271eedf6f9f0ce86cb9396ed337a42"
  version = "v1.1.1"

[[projects]]
  digest = "1:e73f5b0152105f18bc131fba127d9949305c8693f8a762588a82a48f61756f5f"
  name = "github.com/gorilla/mux"
  packages = ["."]
  pruneopts = "UT"
  revision = "e3702bed27f0d39777b0b37b664b6280e8ef8fbf"
  version = "v1.6.2"

[[projects]]
  digest = "1:e72d1ebb8d395cf9f346fd9cbc652e5ae222dd85e0ac842dc57f175abed6d195"
  name = "github.com/gorilla/securecookie"
  packages = ["."]
  pruneopts = "UT"
  revision = "e59506cc896acb7f7bf732d4fdf5e25f7ccd8983"
  version = "v1.1.1"

[[projects]]
  digest = "1:e5bf52fd66a2e984b57b4c0f2c4ee024ed749a19886246240629998dc0cf31ce"
  name = "github.com/gorilla/sessions"
  packages = ["."]
  pruneopts = "UT"
  revision = "f57b7e2d29c6211d16ffa52a0998272f75799030"
  version = "v1.1.3"

[[projects]]
  digest = "1:ea40c24cdbacd054a6ae9de03e62c5f252479b96c716375aace5c120d68647c8"
  name = "github.com/hashicorp/hcl"
  packages = [
    ".",
    "hcl/ast",
    "hcl/parser",
    "hcl/scanner",
    "hcl/strconv",
    "hcl/token",
    "json/parser",
    "json/scanner",
    "json/token",
  ]
  pruneopts = "UT"
  revision = "8cb6e5b959231cc1119e43259c4a608f9c51a241"
  version = "v1.0.0"

[[projects]]
  digest = "1:8eb1de8112c9924d59bf1d3e5c26f5eaa2bfc2a5fcbb92dc1c2e4546d695f277"
  name = "github.com/imdario/mergo"
  packages = ["."]
  pruneopts = "UT"
  revision = "9f23e2d6bd2a77f959b2bf6acdbefd708a83a4a4"
  version = "v0.3.6"

[[projects]]
  branch = "master"
  digest = "1:44bc6eaa5a1f52113d229a8716ab126b427a1a0e820dc4299eeaae8e66f15f08"
  name = "github.com/jameskeane/bcrypt"
  packages = ["."]
  pruneopts = "UT"
  revision = "c3cd44c1e20fec46baad45b108a45be93394dc8d"

[[projects]]
  digest = "1:af20574f4a85d55078bae1840d00e6c1af65d18e8ae0ad5e199b03bd18902cd5"
  name = "github.com/jinzhu/gorm"
  packages = [
    ".",
    "dialects/postgres",
    "dialects/sqlite",
  ]
  pruneopts = "UT"
  revision = "472c70caa40267cb89fd8facb07fe6454b578626"
  version = "v1.9.2"

[[projects]]
  branch = "master"
  digest = "1:fd97437fbb6b7dce04132cf06775bd258cce305c44add58eb55ca86c6c325160"
  name = "github.com/jinzhu/inflection"
  packages = ["."]
  pruneopts = "UT"
  revision = "04140366298a54a039076d798123ffa108fff46c"

[[projects]]
  digest = "1:b18ffc558326ebaed3b4a175617f1e12ed4e3f53d6ebfe5ba372a3de16d22278"
  name = "github.com/lib/pq"
  packages = [
    ".",
    "hstore",
    "oid",
  ]
  pruneopts = "UT"
  revision = "4ded0e9383f75c197b3a2aaa6d590ac52df6fd79"
  version = "v1.0.0"

[[projects]]
  digest = "1:9cacc703bde214f52694f02705f8abf19a98ff74700b1599b9499db639c8e284"
  name = "github.com/markdicksonjr/nibbler"
  packages = [
    ".",
    "database/sql",
    "mail/outbound",
    "mail/outbound/sendgrid",
    "session",
    "session/connectors",
    "user",
    "user/auth/local",
    "user/database/sql",
  ]
  pruneopts = "UT"
  revision = "2c6188bd73091c36059aaca0b8c19822ab5a6909"
  version = "v0.3.8"

[[projects]]
  digest = "1:4a49346ca45376a2bba679ca0e83bec949d780d4e927931317904bad482943ec"
  name = "github.com/mattn/go-sqlite3"
  packages = ["."]
  pruneopts = "UT"
  revision = "c7c4067b79cc51e6dfdcef5c702e74b1e0fa7c75"
  version = "v1.10.0"

[[projects]]
  digest = "1:bd9f55c8ca327176b0a0b7cf96678cd765785da7dec4f5c85b827e1ca00a2d21"
  name = "github.com/micro/go-config"
  packages = [
    ".",
    "encoder",
    "encoder/hcl",
    "encoder/json",
    "encoder/toml",
    "encoder/xml",
    "encoder/yaml",
    "loader",
    "loader/memory",
    "reader",
    "reader/json",
    "source",
    "source/env",
    "source/file",
  ]
  pruneopts = "UT"
  revision = "ae1d3870525d580d15b2d7fc0cebee2475a8fdff"
  version = "v0.8.0"

[[projects]]
  digest = "1:043a68c728982a54355d57e347dd4b52ba5ab3fec50e7a57894b1baa80aa7a9e"
  name = "github.com/sendgrid/rest"
  packages = ["."]
  pruneopts = "UT"
  revision = "306b9bef57dc36f3435ccfcc08fe6ae2c6920344"
  version = "v2.4.1"

[[projects]]
  digest = "1:bf326e9bc2c70dfc765590bfa9c9985e41355f7972fb50e7f052440f3a5122a2"
  name = "github.com/sendgrid/sendgrid-go"
  packages = [
    ".",
    "helpers/mail",
  ]
  pruneopts = "UT"
  revision = "8caf17aa96b4a98bae8bd216878dd50ff12897b5"
  version = "v3.4.1"

[[projects]]
  branch = "master"
  digest = "1:522e5aae2bd0d9a9fd5db5f142f7fea1cf6f92f763728c89d35925bd038243ad"
  name = "github.com/wader/gormstore"
  packages = ["."]
  pruneopts = "UT"
  revision = "137864aca927cbee4054644cea080cfa6c8eddf7"

[[projects]]
  branch = "master"
  digest = "1:9652da56be8fe4998e79e36be6b9d30fe4fd4aacb73ecf0d9b3a33228189dc7e"
  name = "golang.org/x/sys"
  packages = ["unix"]
  pruneopts = "UT"
  revision = "b4a75ba826a64a70990f11a225237acd6ef35c9f"

[[projects]]
  digest = "1:4d2e5a73dc1500038e504a8d78b986630e3626dc027bc030ba5c75da257cdb96"
  name = "gopkg.in/yaml.v2"
  packages = ["."]
  pruneopts = "UT"
  revision = "51d6538a90f86fe93ac480b35f37b2be17fef232"
  version = "v2.2.2"

[solve-meta]
  analyzer-name = "dep"
  analyzer-version = 1
  input-imports = [
    "github.com/markdicksonjr/nibbler",
    "github.com/markdicksonjr/nibbler/database/sql",
    "github.com/markdicksonjr/nibbler/mail/outbound/sendgrid",
    "github.com/markdicksonjr/nibbler/session",
    "github.com/markdicksonjr/nibbler/session/connectors",
    "github.com/markdicksonjr/nibbler/user",
    "github.com/markdicksonjr/nibbler/user/auth/local",
    "github.com/markdicksonjr/nibbler/user/database/sql",
  ]
  solver-name = "gps-cdcl"
  solver-version = 1
